
Microsoft Visual Studio Solution File, Format Version 12.00
# Visual Studio Version 17
VisualStudioVersion = 17.1.32421.90
MinimumVisualStudioVersion = 10.0.40219.1
Project("{9A19103F-16F7-4668-BE54-9A1E7A4F7556}") = "ChatsAppServer", "ChatsAppServer.csproj", "{8C66D9BF-A34B-4D9D-BF87-C17941DF3544}"
EndProject
Global
	GlobalSection(SolutionConfigurationPlatforms) = preSolution
		Debug|Any CPU = Debug|Any CPU
		Release|Any CPU = Release|Any CPU
	EndGlobalSection
	GlobalSection(ProjectConfigurationPlatforms) = postSolution
		{8C66D9BF-A34B-4D9D-BF87-C17941DF3544}.Debug|Any CPU.ActiveCfg = Debug|Any CPU
		{8C66D9BF-A34B-4D9D-BF87-C17941DF3544}.Debug|Any CPU.Build.0 = Debug|Any CPU
		{8C66D9BF-A34B-4D9D-BF87-C17941DF3544}.Release|Any CPU.ActiveCfg = Release|Any CPU
		{8C66D9BF-A34B-4D9D-BF87-C17941DF3544}.Release|Any CPU.Build.0 = Release|Any CPU
	EndGlobalSection
	GlobalSection(SolutionProperties) = preSolution
		HideSolutionNode = FALSE
	EndGlobalSection
	GlobalSection(ExtensibilityGlobals) = postSolution
		SolutionGuid = {BC4A9705-2AE3-4714-93BF-A83C9A9F9E50}
	EndGlobalSection
EndGlobal
